{
  "name": "install-test",
  "version": "1.0.0",
  "lockfileVersion": 2,
  "requires": true,
  "packages": {
    "": {
      "name": "install-test",
      "version": "1.0.0",
      "license": "ISC",
      "dependencies": {
        "jatos-builder": "file:../.."
      }
    },
    "../..": {
      "version": "0.0.1",
      "license": "MIT",
      "dependencies": {
        "commander": "^9.4.1",
        "gulp": "^4.0.2"
      },
      "bin": {
        "jatos-builder": "dist/index.js"
      },
      "devDependencies": {
        "@rollup/plugin-json": "^4.1.0",
        "@rollup/plugin-typescript": "^8.5.0",
        "@types/gulp": "^4.0.9",
        "rollup": "^2.79.1",
        "rollup-plugin-preserve-shebang": "^1.0.1",
        "tslib": "^2.4.0"
      }
    },
    "node_modules/jatos-builder": {
      "resolved": "../..",
      "link": true
    }
  },
  "dependencies": {
    "jatos-builder": {
      "version": "file:../..",
      "requires": {
        "@rollup/plugin-json": "^4.1.0",
        "@rollup/plugin-typescript": "^8.5.0",
        "@types/gulp": "^4.0.9",
        "commander": "^9.4.1",
        "gulp": "^4.0.2",
        "rollup": "^2.79.1",
        "rollup-plugin-preserve-shebang": "^1.0.1",
        "tslib": "^2.4.0"
      }
    }
  }
}
